
Microsoft Visual Studio Solution File, Format Version 12.00
# Visual Studio 2013
VisualStudioVersion = 12.0.21005.1
MinimumVisualStudioVersion = 10.0.40219.1
Project("{FAE04EC0-301F-11D3-BF4B-00C04F79EFBC}") = "GeospaceEntity", "GeospaceEntity\GeospaceEntity.csproj", "{66CD59C8-2326-4B9F-B15F-663B8576D893}"
EndProject
Project("{FAE04EC0-301F-11D3-BF4B-00C04F79EFBC}") = "GeospaceDecodeService", "GeospaceDecodeService\GeospaceDecodeService.csproj", "{B588A3AB-2A2A-436C-ABDE-1E6D7FDCA2CD}"
EndProject
Project("{FAE04EC0-301F-11D3-BF4B-00C04F79EFBC}") = "GeospaceMediana", "GeospaceMediana\GeospaceMediana.csproj", "{3E15EAAE-EB2C-44A8-A80C-E46CC00A324C}"
EndProject
Project("{FAE04EC0-301F-11D3-BF4B-00C04F79EFBC}") = "GeospacePhysics", "GeospacePhysics\GeospacePhysics.csproj", "{B8FBFE36-2CE1-4C31-A959-9890289C9B49}"
EndProject
Project("{FAE04EC0-301F-11D3-BF4B-00C04F79EFBC}") = "GeospaceTest", "GeospaceTest\GeospaceTest.csproj", "{315FD893-E410-4E74-9C97-0AE9DDF9414E}"
EndProject
Project("{FAE04EC0-301F-11D3-BF4B-00C04F79EFBC}") = "Profile", "ProfileSource\Profile.csproj", "{F8DE8838-3350-4F1C-9B43-50DFE42DB6A8}"
EndProject
Project("{FAE04EC0-301F-11D3-BF4B-00C04F79EFBC}") = "GeospaceCore", "GeospaceCore\GeospaceCore.csproj", "{6CBF116D-5FCD-473D-A65D-4CEF59668154}"
EndProject
Project("{FAE04EC0-301F-11D3-BF4B-00C04F79EFBC}") = "GeospaceCalculation", "GeospaceCalculation\GeospaceCalculation.csproj", "{79526D48-10E0-4BC0-8D68-6CCA96F4432D}"
EndProject
Global
	GlobalSection(SolutionConfigurationPlatforms) = preSolution
		Debug|Any CPU = Debug|Any CPU
		Release|Any CPU = Release|Any CPU
	EndGlobalSection
	GlobalSection(ProjectConfigurationPlatforms) = postSolution
		{66CD59C8-2326-4B9F-B15F-663B8576D893}.Debug|Any CPU.ActiveCfg = Debug|Any CPU
		{66CD59C8-2326-4B9F-B15F-663B8576D893}.Debug|Any CPU.Build.0 = Debug|Any CPU
		{66CD59C8-2326-4B9F-B15F-663B8576D893}.Release|Any CPU.ActiveCfg = Release|Any CPU
		{66CD59C8-2326-4B9F-B15F-663B8576D893}.Release|Any CPU.Build.0 = Release|Any CPU
		{B588A3AB-2A2A-436C-ABDE-1E6D7FDCA2CD}.Debug|Any CPU.ActiveCfg = Debug|Any CPU
		{B588A3AB-2A2A-436C-ABDE-1E6D7FDCA2CD}.Debug|Any CPU.Build.0 = Debug|Any CPU
		{B588A3AB-2A2A-436C-ABDE-1E6D7FDCA2CD}.Release|Any CPU.ActiveCfg = Release|Any CPU
		{B588A3AB-2A2A-436C-ABDE-1E6D7FDCA2CD}.Release|Any CPU.Build.0 = Release|Any CPU
		{3E15EAAE-EB2C-44A8-A80C-E46CC00A324C}.Debug|Any CPU.ActiveCfg = Debug|Any CPU
		{3E15EAAE-EB2C-44A8-A80C-E46CC00A324C}.Debug|Any CPU.Build.0 = Debug|Any CPU
		{3E15EAAE-EB2C-44A8-A80C-E46CC00A324C}.Release|Any CPU.ActiveCfg = Release|Any CPU
		{3E15EAAE-EB2C-44A8-A80C-E46CC00A324C}.Release|Any CPU.Build.0 = Release|Any CPU
		{B8FBFE36-2CE1-4C31-A959-9890289C9B49}.Debug|Any CPU.ActiveCfg = Debug|Any CPU
		{B8FBFE36-2CE1-4C31-A959-9890289C9B49}.Debug|Any CPU.Build.0 = Debug|Any CPU
		{B8FBFE36-2CE1-4C31-A959-9890289C9B49}.Release|Any CPU.ActiveCfg = Release|Any CPU
		{B8FBFE36-2CE1-4C31-A959-9890289C9B49}.Release|Any CPU.Build.0 = Release|Any CPU
		{315FD893-E410-4E74-9C97-0AE9DDF9414E}.Debug|Any CPU.ActiveCfg = Debug|Any CPU
		{315FD893-E410-4E74-9C97-0AE9DDF9414E}.Debug|Any CPU.Build.0 = Debug|Any CPU
		{315FD893-E410-4E74-9C97-0AE9DDF9414E}.Release|Any CPU.ActiveCfg = Release|Any CPU
		{315FD893-E410-4E74-9C97-0AE9DDF9414E}.Release|Any CPU.Build.0 = Release|Any CPU
		{F8DE8838-3350-4F1C-9B43-50DFE42DB6A8}.Debug|Any CPU.ActiveCfg = Debug|Any CPU
		{F8DE8838-3350-4F1C-9B43-50DFE42DB6A8}.Debug|Any CPU.Build.0 = Debug|Any CPU
		{F8DE8838-3350-4F1C-9B43-50DFE42DB6A8}.Release|Any CPU.ActiveCfg = Release|Any CPU
		{F8DE8838-3350-4F1C-9B43-50DFE42DB6A8}.Release|Any CPU.Build.0 = Release|Any CPU
		{6CBF116D-5FCD-473D-A65D-4CEF59668154}.Debug|Any CPU.ActiveCfg = Debug|Any CPU
		{6CBF116D-5FCD-473D-A65D-4CEF59668154}.Debug|Any CPU.Build.0 = Debug|Any CPU
		{6CBF116D-5FCD-473D-A65D-4CEF59668154}.Release|Any CPU.ActiveCfg = Release|Any CPU
		{6CBF116D-5FCD-473D-A65D-4CEF59668154}.Release|Any CPU.Build.0 = Release|Any CPU
		{79526D48-10E0-4BC0-8D68-6CCA96F4432D}.Debug|Any CPU.ActiveCfg = Debug|Any CPU
		{79526D48-10E0-4BC0-8D68-6CCA96F4432D}.Debug|Any CPU.Build.0 = Debug|Any CPU
		{79526D48-10E0-4BC0-8D68-6CCA96F4432D}.Release|Any CPU.ActiveCfg = Release|Any CPU
		{79526D48-10E0-4BC0-8D68-6CCA96F4432D}.Release|Any CPU.Build.0 = Release|Any CPU
	EndGlobalSection
	GlobalSection(SolutionProperties) = preSolution
		HideSolutionNode = FALSE
	EndGlobalSection
EndGlobal
